{
  "lockfileVersion": 1,
  "configVersion": 1,
  "workspaces": {
    "": {
      "dependencies": {
        "@kilocode/plugin": "7.1.21",
      },
    },
  },
  "packages": {
    "@kilocode/plugin": ["@kilocode/plugin@7.1.21", "", { "dependencies": { "@kilocode/sdk": "7.1.21", "zod": "4.1.8" } }, "sha512-sHxDU01QK/4FDybfbs/AhbuVKsrLIPTPcRkmxYISEVQQ5CzEce2TOo4D9jsj/cEdphQxmBeVzMY4irzzlqghgA=="],

    "@kilocode/sdk": ["@kilocode/sdk@7.1.21", "", {}, "sha512-v39eejxS0WaZaIg/lUFRTFM/T2wv79y0WqvscJSQNHN5AE/CtZn+KDxZse0aO56Pi62cwNDaA3F8cIfKH2bZuQ=="],

    "zod": ["zod@4.1.8", "", {}, "sha512-5R1P+WwQqmmMIEACyzSvo4JXHY5WiAFHRMg+zBZKgKS+Q1viRa0C1hmUKtHltoIFKtIdki3pRxkmpP74jnNYHQ=="],
  }
}
